
Microsoft Visual Studio Solution File, Format Version 12.00
# Visual Studio 15
Project("{FAE04EC0-301F-11D3-BF4B-00C04F79EFBC}") = "MFluentBuilderExtensionsTests", "MFluentBuilderExtensionsTests\MFluentBuilderExtensionsTests.csproj", "{4EDB490F-8AEE-4FCA-96CF-9150B60EFEE4}"
EndProject
Project("{FAE04EC0-301F-11D3-BF4B-00C04F79EFBC}") = "MFluentBuilderExtensions", "MFluentBuilderExtensions\MFluentBuilderExtensions.csproj", "{405DDFA7-E5BF-4E2A-9934-9C9ECB337668}"
EndProject
Global
	GlobalSection(SolutionConfigurationPlatforms) = preSolution
		Debug|Any CPU = Debug|Any CPU
		Release|Any CPU = Release|Any CPU
	EndGlobalSection
	GlobalSection(ProjectConfigurationPlatforms) = postSolution
		{4EDB490F-8AEE-4FCA-96CF-9150B60EFEE4}.Debug|Any CPU.ActiveCfg = Debug|Any CPU
		{4EDB490F-8AEE-4FCA-96CF-9150B60EFEE4}.Debug|Any CPU.Build.0 = Debug|Any CPU
		{4EDB490F-8AEE-4FCA-96CF-9150B60EFEE4}.Release|Any CPU.ActiveCfg = Release|Any CPU
		{4EDB490F-8AEE-4FCA-96CF-9150B60EFEE4}.Release|Any CPU.Build.0 = Release|Any CPU
		{405DDFA7-E5BF-4E2A-9934-9C9ECB337668}.Debug|Any CPU.ActiveCfg = Debug|Any CPU
		{405DDFA7-E5BF-4E2A-9934-9C9ECB337668}.Debug|Any CPU.Build.0 = Debug|Any CPU
		{405DDFA7-E5BF-4E2A-9934-9C9ECB337668}.Release|Any CPU.ActiveCfg = Release|Any CPU
		{405DDFA7-E5BF-4E2A-9934-9C9ECB337668}.Release|Any CPU.Build.0 = Release|Any CPU
	EndGlobalSection
EndGlobal
